// !$*UTF8*$!
{
	archiveVersion = 1;
	classes = {
	};
	objectVersion = 50;
	objects = {

/* Begin PBXBuildFile section */
		C2DF17AA211738A70061DD03 /* AppDelegate.swift in Sources */ = {isa = PBXBuildFile; fileRef = C2DF17A9211738A70061DD03 /* AppDelegate.swift */; };
		C2DF17AC211738A70061DD03 /* ColorPresenterVC.swift in Sources */ = {isa = PBXBuildFile; fileRef = C2DF17AB211738A70061DD03 /* ColorPresenterVC.swift */; };
		C2DF17AF211738A70061DD03 /* Main.storyboard in Resources */ = {isa = PBXBuildFile; fileRef = C2DF17AD211738A70061DD03 /* Main.storyboard */; };
		C2DF17B1211738A70061DD03 /* Assets.xcassets in Resources */ = {isa = PBXBuildFile; fileRef = C2DF17B0211738A70061DD03 /* Assets.xcassets */; };
		C2DF17B4211738A70061DD03 /* LaunchScreen.storyboard in Resources */ = {isa = PBXBuildFile; fileRef = C2DF17B2211738A70061DD03 /* LaunchScreen.storyboard */; };
		C2DF17BC21173DB40061DD03 /* ColorPickerVC.swift in Sources */ = {isa = PBXBuildFile; fileRef = C2DF17BB21173DB40061DD03 /* ColorPickerVC.swift */; };
		C2EC1D51211770EB00BCF12D /* ColorTransferDelegate.swift in Sources */ = {isa = PBXBuildFile; fileRef = C2EC1D50211770EB00BCF12D /* ColorTransferDelegate.swift */; };
/* End PBXBuildFile section */

/* Begin PBXFileReference section */
		C2DF17A6211738A70061DD03 /* ColorMagic.app */ = {isa = PBXFileReference; explicitFileType = wrapper.application; includeInIndex = 0; path = ColorMagic.app; sourceTree = BUILT_PRODUCTS_DIR; };
		C2DF17A9211738A70061DD03 /* AppDelegate.swift */ = {isa = PBXFileReference; lastKnownFileType = sourcecode.swift; path = AppDelegate.swift; sourceTree = "<group>"; };
		C2DF17AB211738A70061DD03 /* ColorPresenterVC.swift */ = {isa = PBXFileReference; lastKnownFileType = sourcecode.swift; path = ColorPresenterVC.swift; sourceTree = "<group>"; };
		C2DF17AE211738A70061DD03 /* Base */ = {isa = PBXFileReference; lastKnownFileType = file.storyboard; name = Base; path = Base.lproj/Main.storyboard; sourceTree = "<group>"; };
		C2DF17B0211738A70061DD03 /* Assets.xcassets */ = {isa = PBXFileReference; lastKnownFileType = folder.assetcatalog; path = Assets.xcassets; sourceTree = "<group>"; };
		C2DF17B3211738A70061DD03 /* Base */ = {isa = PBXFileReference; lastKnownFileType = file.storyboard; name = Base; path = Base.lproj/LaunchScreen.storyboard; sourceTree = "<group>"; };
		C2DF17B5211738A70061DD03 /* Info.plist */ = {isa = PBXFileReference; lastKnownFileType = text.plist.xml; path = Info.plist; sourceTree = "<group>"; };
		C2DF17BB21173DB40061DD03 /* ColorPickerVC.swift */ = {isa = PBXFileReference; lastKnownFileType = sourcecode.swift; path = ColorPickerVC.swift; sourceTree = "<group>"; };
		C2EC1D50211770EB00BCF12D /* ColorTransferDelegate.swift */ = {isa = PBXFileReference; lastKnownFileType = sourcecode.swift; path = ColorTransferDelegate.swift; sourceTree = "<group>"; };
/* End PBXFileReference section */

/* Begin PBXFrameworksBuildPhase section */
		C2DF17A3211738A70061DD03 /* Frameworks */ = {
			isa = PBXFrameworksBuildPhase;
			buildActionMask = 2147483647;
			files = (
			);
			runOnlyForDeploymentPostprocessing = 0;
		};
/* End PBXFrameworksBuildPhase section */

/* Begin PBXGroup section */
		C2DF179D211738A70061DD03 = {
			isa = PBXGroup;
			children = (
				C2DF17A8211738A70061DD03 /* ColorMagic */,
				C2DF17A7211738A70061DD03 /* Products */,
			);
			sourceTree = "<group>";
		};
		C2DF17A7211738A70061DD03 /* Products */ = {
			isa = PBXGroup;
			children = (
				C2DF17A6211738A70061DD03 /* ColorMagic.app */,
			);
			name = Products;
			sourceTree = "<group>";
		};
		C2DF17A8211738A70061DD03 /* ColorMagic */ = {
			isa = PBXGroup;
			children = (
				C2DF17A9211738A70061DD03 /* AppDelegate.swift */,
				C2DF17AB211738A70061DD03 /* ColorPresenterVC.swift */,
				C2DF17AD211738A70061DD03 /* Main.storyboard */,
				C2DF17B0211738A70061DD03 /* Assets.xcassets */,
				C2DF17B2211738A70061DD03 /* LaunchScreen.storyboard */,
				C2DF17B5211738A70061DD03 /* Info.plist */,
				C2DF17BB21173DB40061DD03 /* ColorPickerVC.swift */,
				C2EC1D50211770EB00BCF12D /* ColorTransferDelegate.swift */,
			);
			path = ColorMagic;
			sourceTree = "<group>";
		};
/* End PBXGroup section */

/* Begin PBXNativeTarget section */
		C2DF17A5211738A70061DD03 /* ColorMagic */ = {
			isa = PBXNativeTarget;
			buildConfigurationList = C2DF17B8211738A70061DD03 /* Build configuration list for PBXNativeTarget "ColorMagic" */;
			buildPhases = (
				C2DF17A2211738A70061DD03 /* Sources */,
				C2DF17A3211738A70061DD03 /* Frameworks */,
				C2DF17A4211738A70061DD03 /* Resources */,
			);
			buildRules = (
			);
			dependencies = (
			);
			name = ColorMagic;
			productName = ColorMagic;
			productReference = C2DF17A6211738A70061DD03 /* ColorMagic.app */;
			productType = "com.apple.product-type.application";
		};
/* End PBXNativeTarget section */

/* Begin PBXProject section */
		C2DF179E211738A70061DD03 /* Project object */ = {
			isa = PBXProject;
			attributes = {
				LastSwiftUpdateCheck = 0940;
				LastUpgradeCheck = 0940;
				ORGANIZATIONNAME = SophieMBerger;
				TargetAttributes = {
					C2DF17A5211738A70061DD03 = {
						CreatedOnToolsVersion = 9.4.1;
					};
				};
			};
			buildConfigurationList = C2DF17A1211738A70061DD03 /* Build configuration list for PBXProject "ColorMagic" */;
			compatibilityVersion = "Xcode 9.3";
			developmentRegion = en;
			hasScannedForEncodings = 0;
			knownRegions = (
				en,
				Base,
			);
			mainGroup = C2DF179D211738A70061DD03;
			productRefGroup = C2DF17A7211738A70061DD03 /* Products */;
			projectDirPath = "";
			projectRoot = "";
			targets = (
				C2DF17A5211738A70061DD03 /* ColorMagic */,
			);
		};
/* End PBXProject section */

/* Begin PBXResourcesBuildPhase section */
		C2DF17A4211738A70061DD03 /* Resources */ = {
			isa = PBXResourcesBuildPhase;
			buildActionMask = 2147483647;
			files = (
				C2DF17B4211738A70061DD03 /* LaunchScreen.storyboard in Resources */,
				C2DF17B1211738A70061DD03 /* Assets.xcassets in Resources */,
				C2DF17AF211738A70061DD03 /* Main.storyboard in Resources */,
			);
			runOnlyForDeploymentPostprocessing = 0;
		};
/* End PBXResourcesBuildPhase section */

/* Begin PBXSourcesBuildPhase section */
		C2DF17A2211738A70061DD03 /* Sources */ = {
			isa = PBXSourcesBuildPhase;
			buildActionMask = 2147483647;
			files = (
				C2DF17AC211738A70061DD03 /* ColorPresenterVC.swift in Sources */,
				C2EC1D51211770EB00BCF12D /* ColorTransferDelegate.swift in Sources */,
				C2DF17AA211738A70061DD03 /* AppDelegate.swift in Sources */,
				C2DF17BC21173DB40061DD03 /* ColorPickerVC.swift in Sources */,
			);
			runOnlyForDeploymentPostprocessing = 0;
		};
/* End PBXSourcesBuildPhase section */

/* Begin PBXVariantGroup section */
		C2DF17AD211738A70061DD03 /* Main.storyboard */ = {
			isa = PBXVariantGroup;
			children = (
				C2DF17AE211738A70061DD03 /* Base */,
			);
			name = Main.storyboard;
			sourceTree = "<group>";
		};
		C2DF17B2211738A70061DD03 /* LaunchScreen.storyboard */ = {
			isa = PBXVariantGroup;
			children = (
				C2DF17B3211738A70061DD03 /* Base */,
			);
			name = LaunchScreen.storyboard;
			sourceTree = "<group>";
		};
/* End PBXVariantGroup section */

/* Begin XCBuildConfiguration section */
		C2DF17B6211738A70061DD03 /* Debug */ = {
			isa = XCBuildConfiguration;
			buildSettings = {
				ALWAYS_SEARCH_USER_PATHS = NO;
				CLANG_ANALYZER_NONNULL = YES;
				CLANG_ANALYZER_NUMBER_OBJECT_CONVERSION = YES_AGGRESSIVE;
				CLANG_CXX_LANGUAGE_STANDARD = "gnu++14";
				CLANG_CXX_LIBRARY = "libc++";
				CLANG_ENABLE_MODULES = YES;
				CLANG_ENABLE_OBJC_ARC = YES;
				CLANG_ENABLE_OBJC_WEAK = YES;
				CLANG_WARN_BLOCK_CAPTURE_AUTORELEASING = YES;
				CLANG_WARN_BOOL_CONVERSION = YES;
				CLANG_WARN_COMMA = YES;
				CLANG_WARN_CONSTANT_CONVERSION = YES;
				CLANG_WARN_DEPRECATED_OBJC_IMPLEMENTATIONS = YES;
				CLANG_WARN_DIRECT_OBJC_ISA_USAGE = YES_ERROR;
				CLANG_WARN_DOCUMENTATION_COMMENTS = YES;
				CLANG_WARN_EMPTY_BODY = YES;
				CLANG_WARN_ENUM_CONVERSION = YES;
				CLANG_WARN_INFINITE_RECURSION = YES;
				CLANG_WARN_INT_CONVERSION = YES;
				CLANG_WARN_NON_LITERAL_NULL_CONVERSION = YES;
				CLANG_WARN_OBJC_IMPLICIT_RETAIN_SELF = YES;
				CLANG_WARN_OBJC_LITERAL_CONVERSION = YES;
				CLANG_WARN_OBJC_ROOT_CLASS = YES_ERROR;
				CLANG_WARN_RANGE_LOOP_ANALYSIS = YES;
				CLANG_WARN_STRICT_PROTOTYPES = YES;
				CLANG_WARN_SUSPICIOUS_MOVE = YES;
				CLANG_WARN_UNGUARDED_AVAILABILITY = YES_AGGRESSIVE;
				CLANG_WARN_UNREACHABLE_CODE = YES;
				CLANG_WARN__DUPLICATE_METHOD_MATCH = YES;
				CODE_SIGN_IDENTITY = "iPhone Developer";
				COPY_PHASE_STRIP = NO;
				DEBUG_INFORMATION_FORMAT = dwarf;
				ENABLE_STRICT_OBJC_MSGSEND = YES;
				ENABLE_TESTABILITY = YES;
				GCC_C_LANGUAGE_STANDARD = gnu11;
				GCC_DYNAMIC_NO_PIC = NO;
				GCC_NO_COMMON_BLOCKS = YES;
				GCC_OPTIMIZATION_LEVEL = 0;
				GCC_PREPROCESSOR_DEFINITIONS = (
					"DEBUG=1",
					"$(inherited)",
				);
				GCC_WARN_64_TO_32_BIT_CONVERSION = YES;
				GCC_WARN_ABOUT_RETURN_TYPE = YES_ERROR;
				GCC_WARN_UNDECLARED_SELECTOR = YES;
				GCC_WARN_UNINITIALIZED_AUTOS = YES_AGGRESSIVE;
				GCC_WARN_UNUSED_FUNCTION = YES;
				GCC_WARN_UNUSED_VARIABLE = YES;
				IPHONEOS_DEPLOYMENT_TARGET = 11.4;
				MTL_ENABLE_DEBUG_INFO = YES;
				ONLY_ACTIVE_ARCH = YES;
				SDKROOT = iphoneos;
				SWIFT_ACTIVE_COMPILATION_CONDITIONS = DEBUG;
				SWIFT_OPTIMIZATION_LEVEL = "-Onone";
			};
			name = Debug;
		};
		C2DF17B7211738A70061DD03 /* Release */ = {
			isa = XCBuildConfiguration;
			buildSettings = {
				ALWAYS_SEARCH_USER_PATHS = NO;
				CLANG_ANALYZER_NONNULL = YES;
				CLANG_ANALYZER_NUMBER_OBJECT_CONVERSION = YES_AGGRESSIVE;
				CLANG_CXX_LANGUAGE_STANDARD = "gnu++14";
				CLANG_CXX_LIBRARY = "libc++";
				CLANG_ENABLE_MODULES = YES;
				CLANG_ENABLE_OBJC_ARC = YES;
				CLANG_ENABLE_OBJC_WEAK = YES;
				CLANG_WARN_BLOCK_CAPTURE_AUTORELEASING = YES;
				CLANG_WARN_BOOL_CONVERSION = YES;
				CLANG_WARN_COMMA = YES;
				CLANG_WARN_CONSTANT_CONVERSION = YES;
				CLANG_WARN_DEPRECATED_OBJC_IMPLEMENTATIONS = YES;
				CLANG_WARN_DIRECT_OBJC_ISA_USAGE = YES_ERROR;
				CLANG_WARN_DOCUMENTATION_COMMENTS = YES;
				CLANG_WARN_EMPTY_BODY = YES;
				CLANG_WARN_ENUM_CONVERSION = YES;
				CLANG_WARN_INFINITE_RECURSION = YES;
				CLANG_WARN_INT_CONVERSION = YES;
				CLANG_WARN_NON_LITERAL_NULL_CONVERSION = YES;
				CLANG_WARN_OBJC_IMPLICIT_RETAIN_SELF = YES;
				CLANG_WARN_OBJC_LITERAL_CONVERSION = YES;
				CLANG_WARN_OBJC_ROOT_CLASS = YES_ERROR;
				CLANG_WARN_RANGE_LOOP_ANALYSIS = YES;
				CLANG_WARN_STRICT_PROTOTYPES = YES;
				CLANG_WARN_SUSPICIOUS_MOVE = YES;
				CLANG_WARN_UNGUARDED_AVAILABILITY = YES_AGGRESSIVE;
				CLANG_WARN_UNREACHABLE_CODE = YES;
				CLANG_WARN__DUPLICATE_METHOD_MATCH = YES;
				CODE_SIGN_IDENTITY = "iPhone Developer";
				COPY_PHASE_STRIP = NO;
				DEBUG_INFORMATION_FORMAT = "dwarf-with-dsym";
				ENABLE_NS_ASSERTIONS = NO;
				ENABLE_STRICT_OBJC_MSGSEND = YES;
				GCC_C_LANGUAGE_STANDARD = gnu11;
				GCC_NO_COMMON_BLOCKS = YES;
				GCC_WARN_64_TO_32_BIT_CONVERSION = YES;
				GCC_WARN_ABOUT_RETURN_TYPE = YES_ERROR;
				GCC_WARN_UNDECLARED_SELECTOR = YES;
				GCC_WARN_UNINITIALIZED_AUTOS = YES_AGGRESSIVE;
				GCC_WARN_UNUSED_FUNCTION = YES;
				GCC_WARN_UNUSED_VARIABLE = YES;
				IPHONEOS_DEPLOYMENT_TARGET = 11.4;
				MTL_ENABLE_DEBUG_INFO = NO;
				SDKROOT = iphoneos;
				SWIFT_COMPILATION_MODE = wholemodule;
				SWIFT_OPTIMIZATION_LEVEL = "-O";
				VALIDATE_PRODUCT = YES;
			};
			name = Release;
		};
		C2DF17B9211738A70061DD03 /* Debug */ = {
			isa = XCBuildConfiguration;
			buildSettings = {
				ASSETCATALOG_COMPILER_APPICON_NAME = AppIcon;
				CODE_SIGN_STYLE = Automatic;
				INFOPLIST_FILE = ColorMagic/Info.plist;
				LD_RUNPATH_SEARCH_PATHS = (
					"$(inherited)",
					"@executable_path/Frameworks",
				);
				PRODUCT_BUNDLE_IDENTIFIER = SophieMBerger.ColorMagic;
				PRODUCT_NAME = "$(TARGET_NAME)";
				SWIFT_VERSION = 4.0;
				TARGETED_DEVICE_FAMILY = "1,2";
			};
			name = Debug;
		};
		C2DF17BA211738A70061DD03 /* Release */ = {
			isa = XCBuildConfiguration;
			buildSettings = {
				ASSETCATALOG_COMPILER_APPICON_NAME = AppIcon;
				CODE_SIGN_STYLE = Automatic;
				INFOPLIST_FILE = ColorMagic/Info.plist;
				LD_RUNPATH_SEARCH_PATHS = (
					"$(inherited)",
					"@executable_path/Frameworks",
				);
				PRODUCT_BUNDLE_IDENTIFIER = SophieMBerger.ColorMagic;
				PRODUCT_NAME = "$(TARGET_NAME)";
				SWIFT_VERSION = 4.0;
				TARGETED_DEVICE_FAMILY = "1,2";
			};
			name = Release;
		};
/* End XCBuildConfiguration section */

/* Begin XCConfigurationList section */
		C2DF17A1211738A70061DD03 /* Build configuration list for PBXProject "ColorMagic" */ = {
			isa = XCConfigurationList;
			buildConfigurations = (
				C2DF17B6211738A70061DD03 /* Debug */,
				C2DF17B7211738A70061DD03 /* Release */,
			);
			defaultConfigurationIsVisible = 0;
			defaultConfigurationName = Release;
		};
		C2DF17B8211738A70061DD03 /* Build configuration list for PBXNativeTarget "ColorMagic" */ = {
			isa = XCConfigurationList;
			buildConfigurations = (
				C2DF17B9211738A70061DD03 /* Debug */,
				C2DF17BA211738A70061DD03 /* Release */,
			);
			defaultConfigurationIsVisible = 0;
			defaultConfigurationName = Release;
		};
/* End XCConfigurationList section */
	};
	rootObject = C2DF179E211738A70061DD03 /* Project object */;
}
